
Microsoft Visual Studio Solution File, Format Version 12.00
# Visual Studio 2012
Project("{FAE04EC0-301F-11D3-BF4B-00C04F79EFBC}") = "DatabaseExample", "DatabaseExample\DatabaseExample.csproj", "{4573EBCA-4668-4E19-A160-C3D3A6FF25C8}"
EndProject
Global
	GlobalSection(SolutionConfigurationPlatforms) = preSolution
		Debug|Any CPU = Debug|Any CPU
		Release|Any CPU = Release|Any CPU
	EndGlobalSection
	GlobalSection(ProjectConfigurationPlatforms) = postSolution
		{4573EBCA-4668-4E19-A160-C3D3A6FF25C8}.Debug|Any CPU.ActiveCfg = Debug|Any CPU
		{4573EBCA-4668-4E19-A160-C3D3A6FF25C8}.Debug|Any CPU.Build.0 = Debug|Any CPU
		{4573EBCA-4668-4E19-A160-C3D3A6FF25C8}.Release|Any CPU.ActiveCfg = Release|Any CPU
		{4573EBCA-4668-4E19-A160-C3D3A6FF25C8}.Release|Any CPU.Build.0 = Release|Any CPU
	EndGlobalSection
	GlobalSection(SolutionProperties) = preSolution
		HideSolutionNode = FALSE
	EndGlobalSection
EndGlobal
